
Microsoft Visual Studio Solution File, Format Version 12.00
# Visual Studio Version 17
VisualStudioVersion = 17.14.36429.23
MinimumVisualStudioVersion = 10.0.40219.1
Project("{2150E333-8FDC-42A3-9474-1A3956D46DE8}") = "1. Presentaciones", "1. Presentaciones", "{02EA681E-C7D8-13C7-8484-4AC65E1B71E8}"
EndProject
Project("{2150E333-8FDC-42A3-9474-1A3956D46DE8}") = "2. Servicios", "2. Servicios", "{F16E8F0F-BAF4-4FA0-BA58-A3F29EA28E33}"
EndProject
Project("{2150E333-8FDC-42A3-9474-1A3956D46DE8}") = "3. Nucleo", "3. Nucleo", "{21861D85-F755-479C-B6E9-42B8CBD00F6B}"
EndProject
Project("{2150E333-8FDC-42A3-9474-1A3956D46DE8}") = "4. Pruebas Unitarias", "4. Pruebas Unitarias", "{5386D6C0-EB67-492B-A281-57106069FF5D}"
EndProject
Project("{FAE04EC0-301F-11D3-BF4B-00C04F79EFBC}") = "lib_dominio", "lib_dominio\lib_dominio.csproj", "{CADDD9BD-3208-4529-8628-5214890F6DAD}"
EndProject
Project("{FAE04EC0-301F-11D3-BF4B-00C04F79EFBC}") = "lib_repositorios", "lib_Repositorio\lib_repositorios.csproj", "{CCEAE8EE-0918-4BD4-98E8-0E51287D5AD2}"
EndProject
Project("{FAE04EC0-301F-11D3-BF4B-00C04F79EFBC}") = "Ut_Presentacion", "Ut_Presentacion\Ut_Presentacion.csproj", "{7DCA5DA5-42F0-418E-953D-BF0E6F9B6794}"
EndProject
Project("{2150E333-8FDC-42A3-9474-1A3956D46DE8}") = "Elementos de la solución", "Elementos de la solución", "{D107F4C8-89CC-BEA8-D3D7-CA6B7733353D}"
	ProjectSection(SolutionItems) = preProject
		.gitignore = .gitignore
		README.md = README.md
		secrets.json = secrets.json
	EndProjectSection
EndProject
Project("{2150E333-8FDC-42A3-9474-1A3956D46DE8}") = "Solution Items", "Solution Items", "{48AED912-248B-46F2-BCE6-88101FF7242B}"
EndProject
Project("{FAE04EC0-301F-11D3-BF4B-00C04F79EFBC}") = "asp_servicios", "asp_servicios\asp_servicios.csproj", "{FB353F99-AFBE-4AC1-A039-E4E9E49E658C}"
EndProject
Project("{FAE04EC0-301F-11D3-BF4B-00C04F79EFBC}") = "lib_presentaciones", "lib_presentacione\lib_presentaciones.csproj", "{C63CBE78-F983-46C1-AE3F-80E72A43631D}"
EndProject
Project("{FAE04EC0-301F-11D3-BF4B-00C04F79EFBC}") = "asp_presentacion", "asp_presentacion\asp_presentacion.csproj", "{46F4BBA2-2E47-4245-A5C4-D9B7D8136BBF}"
EndProject
Global
	GlobalSection(SolutionConfigurationPlatforms) = preSolution
		Debug|Any CPU = Debug|Any CPU
		Release|Any CPU = Release|Any CPU
	EndGlobalSection
	GlobalSection(ProjectConfigurationPlatforms) = postSolution
		{CADDD9BD-3208-4529-8628-5214890F6DAD}.Debug|Any CPU.ActiveCfg = Debug|Any CPU
		{CADDD9BD-3208-4529-8628-5214890F6DAD}.Debug|Any CPU.Build.0 = Debug|Any CPU
		{CADDD9BD-3208-4529-8628-5214890F6DAD}.Release|Any CPU.ActiveCfg = Release|Any CPU
		{CADDD9BD-3208-4529-8628-5214890F6DAD}.Release|Any CPU.Build.0 = Release|Any CPU
		{CCEAE8EE-0918-4BD4-98E8-0E51287D5AD2}.Debug|Any CPU.ActiveCfg = Debug|Any CPU
		{CCEAE8EE-0918-4BD4-98E8-0E51287D5AD2}.Debug|Any CPU.Build.0 = Debug|Any CPU
		{CCEAE8EE-0918-4BD4-98E8-0E51287D5AD2}.Release|Any CPU.ActiveCfg = Release|Any CPU
		{CCEAE8EE-0918-4BD4-98E8-0E51287D5AD2}.Release|Any CPU.Build.0 = Release|Any CPU
		{7DCA5DA5-42F0-418E-953D-BF0E6F9B6794}.Debug|Any CPU.ActiveCfg = Debug|Any CPU
		{7DCA5DA5-42F0-418E-953D-BF0E6F9B6794}.Debug|Any CPU.Build.0 = Debug|Any CPU
		{7DCA5DA5-42F0-418E-953D-BF0E6F9B6794}.Release|Any CPU.ActiveCfg = Release|Any CPU
		{7DCA5DA5-42F0-418E-953D-BF0E6F9B6794}.Release|Any CPU.Build.0 = Release|Any CPU
		{FB353F99-AFBE-4AC1-A039-E4E9E49E658C}.Debug|Any CPU.ActiveCfg = Debug|Any CPU
		{FB353F99-AFBE-4AC1-A039-E4E9E49E658C}.Debug|Any CPU.Build.0 = Debug|Any CPU
		{FB353F99-AFBE-4AC1-A039-E4E9E49E658C}.Release|Any CPU.ActiveCfg = Release|Any CPU
		{FB353F99-AFBE-4AC1-A039-E4E9E49E658C}.Release|Any CPU.Build.0 = Release|Any CPU
		{C63CBE78-F983-46C1-AE3F-80E72A43631D}.Debug|Any CPU.ActiveCfg = Debug|Any CPU
		{C63CBE78-F983-46C1-AE3F-80E72A43631D}.Debug|Any CPU.Build.0 = Debug|Any CPU
		{C63CBE78-F983-46C1-AE3F-80E72A43631D}.Release|Any CPU.ActiveCfg = Release|Any CPU
		{C63CBE78-F983-46C1-AE3F-80E72A43631D}.Release|Any CPU.Build.0 = Release|Any CPU
		{46F4BBA2-2E47-4245-A5C4-D9B7D8136BBF}.Debug|Any CPU.ActiveCfg = Debug|Any CPU
		{46F4BBA2-2E47-4245-A5C4-D9B7D8136BBF}.Debug|Any CPU.Build.0 = Debug|Any CPU
		{46F4BBA2-2E47-4245-A5C4-D9B7D8136BBF}.Release|Any CPU.ActiveCfg = Release|Any CPU
		{46F4BBA2-2E47-4245-A5C4-D9B7D8136BBF}.Release|Any CPU.Build.0 = Release|Any CPU
	EndGlobalSection
	GlobalSection(SolutionProperties) = preSolution
		HideSolutionNode = FALSE
	EndGlobalSection
	GlobalSection(NestedProjects) = preSolution
		{CADDD9BD-3208-4529-8628-5214890F6DAD} = {21861D85-F755-479C-B6E9-42B8CBD00F6B}
		{CCEAE8EE-0918-4BD4-98E8-0E51287D5AD2} = {F16E8F0F-BAF4-4FA0-BA58-A3F29EA28E33}
		{7DCA5DA5-42F0-418E-953D-BF0E6F9B6794} = {5386D6C0-EB67-492B-A281-57106069FF5D}
		{FB353F99-AFBE-4AC1-A039-E4E9E49E658C} = {F16E8F0F-BAF4-4FA0-BA58-A3F29EA28E33}
		{C63CBE78-F983-46C1-AE3F-80E72A43631D} = {02EA681E-C7D8-13C7-8484-4AC65E1B71E8}
		{46F4BBA2-2E47-4245-A5C4-D9B7D8136BBF} = {02EA681E-C7D8-13C7-8484-4AC65E1B71E8}
	EndGlobalSection
	GlobalSection(ExtensibilityGlobals) = postSolution
		SolutionGuid = {3D6CC51B-B70D-42B5-9746-52F69AFE6291}
	EndGlobalSection
EndGlobal
